
Microsoft Visual Studio Solution File, Format Version 12.00
# Visual Studio Version 16
VisualStudioVersion = 16.0.30114.105
MinimumVisualStudioVersion = 10.0.40219.1
Project("{2150E333-8FDC-42A3-9474-1A3956D46DE8}") = "src", "src", "{8347F963-4131-437E-B56D-3AC41C0693B1}"
EndProject
Project("{FAE04EC0-301F-11D3-BF4B-00C04F79EFBC}") = "SimpleAPI", "src\SimpleAPI\SimpleAPI.csproj", "{69D14735-4BBA-405F-A51A-C80160A76641}"
EndProject
Project("{2150E333-8FDC-42A3-9474-1A3956D46DE8}") = "test", "test", "{40A816A2-D466-43F5-8C18-AAAD55973E08}"
EndProject
Project("{FAE04EC0-301F-11D3-BF4B-00C04F79EFBC}") = "SimpleAPI.Test", "test\SimpleAPI.Test\SimpleAPI.Test.csproj", "{01B6EFDF-2E1C-403C-978C-564C9C21F39F}"
EndProject
Global
	GlobalSection(SolutionConfigurationPlatforms) = preSolution
		Debug|Any CPU = Debug|Any CPU
		Debug|x64 = Debug|x64
		Debug|x86 = Debug|x86
		Release|Any CPU = Release|Any CPU
		Release|x64 = Release|x64
		Release|x86 = Release|x86
	EndGlobalSection
	GlobalSection(SolutionProperties) = preSolution
		HideSolutionNode = FALSE
	EndGlobalSection
	GlobalSection(ProjectConfigurationPlatforms) = postSolution
		{69D14735-4BBA-405F-A51A-C80160A76641}.Debug|Any CPU.ActiveCfg = Debug|Any CPU
		{69D14735-4BBA-405F-A51A-C80160A76641}.Debug|Any CPU.Build.0 = Debug|Any CPU
		{69D14735-4BBA-405F-A51A-C80160A76641}.Debug|x64.ActiveCfg = Debug|Any CPU
		{69D14735-4BBA-405F-A51A-C80160A76641}.Debug|x64.Build.0 = Debug|Any CPU
		{69D14735-4BBA-405F-A51A-C80160A76641}.Debug|x86.ActiveCfg = Debug|Any CPU
		{69D14735-4BBA-405F-A51A-C80160A76641}.Debug|x86.Build.0 = Debug|Any CPU
		{69D14735-4BBA-405F-A51A-C80160A76641}.Release|Any CPU.ActiveCfg = Release|Any CPU
		{69D14735-4BBA-405F-A51A-C80160A76641}.Release|Any CPU.Build.0 = Release|Any CPU
		{69D14735-4BBA-405F-A51A-C80160A76641}.Release|x64.ActiveCfg = Release|Any CPU
		{69D14735-4BBA-405F-A51A-C80160A76641}.Release|x64.Build.0 = Release|Any CPU
		{69D14735-4BBA-405F-A51A-C80160A76641}.Release|x86.ActiveCfg = Release|Any CPU
		{69D14735-4BBA-405F-A51A-C80160A76641}.Release|x86.Build.0 = Release|Any CPU
		{01B6EFDF-2E1C-403C-978C-564C9C21F39F}.Debug|Any CPU.ActiveCfg = Debug|Any CPU
		{01B6EFDF-2E1C-403C-978C-564C9C21F39F}.Debug|Any CPU.Build.0 = Debug|Any CPU
		{01B6EFDF-2E1C-403C-978C-564C9C21F39F}.Debug|x64.ActiveCfg = Debug|Any CPU
		{01B6EFDF-2E1C-403C-978C-564C9C21F39F}.Debug|x64.Build.0 = Debug|Any CPU
		{01B6EFDF-2E1C-403C-978C-564C9C21F39F}.Debug|x86.ActiveCfg = Debug|Any CPU
		{01B6EFDF-2E1C-403C-978C-564C9C21F39F}.Debug|x86.Build.0 = Debug|Any CPU
		{01B6EFDF-2E1C-403C-978C-564C9C21F39F}.Release|Any CPU.ActiveCfg = Release|Any CPU
		{01B6EFDF-2E1C-403C-978C-564C9C21F39F}.Release|Any CPU.Build.0 = Release|Any CPU
		{01B6EFDF-2E1C-403C-978C-564C9C21F39F}.Release|x64.ActiveCfg = Release|Any CPU
		{01B6EFDF-2E1C-403C-978C-564C9C21F39F}.Release|x64.Build.0 = Release|Any CPU
		{01B6EFDF-2E1C-403C-978C-564C9C21F39F}.Release|x86.ActiveCfg = Release|Any CPU
		{01B6EFDF-2E1C-403C-978C-564C9C21F39F}.Release|x86.Build.0 = Release|Any CPU
	EndGlobalSection
	GlobalSection(NestedProjects) = preSolution
		{69D14735-4BBA-405F-A51A-C80160A76641} = {8347F963-4131-437E-B56D-3AC41C0693B1}
		{01B6EFDF-2E1C-403C-978C-564C9C21F39F} = {40A816A2-D466-43F5-8C18-AAAD55973E08}
	EndGlobalSection
EndGlobal
